// !$*UTF8*$!
{
	archiveVersion = 1;
	classes = {
	};
	objectVersion = 56;
	objects = {

/* Begin PBXBuildFile section */
		15381F222C0E5D7700A4D164 /* luv3App.swift in Sources */ = {isa = PBXBuildFile; fileRef = 15381F212C0E5D7700A4D164 /* luv3App.swift */; };
		15381F242C0E5D7700A4D164 /* ContentView.swift in Sources */ = {isa = PBXBuildFile; fileRef = 15381F232C0E5D7700A4D164 /* ContentView.swift */; };
		15381F262C0E5D7C00A4D164 /* Assets.xcassets in Resources */ = {isa = PBXBuildFile; fileRef = 15381F252C0E5D7C00A4D164 /* Assets.xcassets */; };
		15381F292C0E5D7C00A4D164 /* Preview Assets.xcassets in Resources */ = {isa = PBXBuildFile; fileRef = 15381F282C0E5D7C00A4D164 /* Preview Assets.xcassets */; };
		15381F332C0E5D7D00A4D164 /* luv3Tests.swift in Sources */ = {isa = PBXBuildFile; fileRef = 15381F322C0E5D7D00A4D164 /* luv3Tests.swift */; };
		15381F3D2C0E5D7D00A4D164 /* luv3UITests.swift in Sources */ = {isa = PBXBuildFile; fileRef = 15381F3C2C0E5D7D00A4D164 /* luv3UITests.swift */; };
		15381F3F2C0E5D7D00A4D164 /* luv3UITestsLaunchTests.swift in Sources */ = {isa = PBXBuildFile; fileRef = 15381F3E2C0E5D7D00A4D164 /* luv3UITestsLaunchTests.swift */; };
		15381F4C2C0E63CE00A4D164 /* BlogPostsView.swift in Sources */ = {isa = PBXBuildFile; fileRef = 15381F4B2C0E63CE00A4D164 /* BlogPostsView.swift */; };
		15814FC62C0EE71900E8ED93 /* SeparateView.swift in Sources */ = {isa = PBXBuildFile; fileRef = 15814FC52C0EE71900E8ED93 /* SeparateView.swift */; };
		15814FC82C0EE82B00E8ED93 /* ExploreView.swift in Sources */ = {isa = PBXBuildFile; fileRef = 15814FC72C0EE82B00E8ED93 /* ExploreView.swift */; };
		15814FCA2C0EE86200E8ED93 /* NotificationsView.swift in Sources */ = {isa = PBXBuildFile; fileRef = 15814FC92C0EE86200E8ED93 /* NotificationsView.swift */; };
		15814FCC2C0EE8B400E8ED93 /* ProfileView.swift in Sources */ = {isa = PBXBuildFile; fileRef = 15814FCB2C0EE8B400E8ED93 /* ProfileView.swift */; };
/* End PBXBuildFile section */

/* Begin PBXContainerItemProxy section */
		15381F2F2C0E5D7D00A4D164 /* PBXContainerItemProxy */ = {
			isa = PBXContainerItemProxy;
			containerPortal = 15381F162C0E5D7600A4D164 /* Project object */;
			proxyType = 1;
			remoteGlobalIDString = 15381F1D2C0E5D7600A4D164;
			remoteInfo = luv3;
		};
		15381F392C0E5D7D00A4D164 /* PBXContainerItemProxy */ = {
			isa = PBXContainerItemProxy;
			containerPortal = 15381F162C0E5D7600A4D164 /* Project object */;
			proxyType = 1;
			remoteGlobalIDString = 15381F1D2C0E5D7600A4D164;
			remoteInfo = luv3;
		};
/* End PBXContainerItemProxy section */

/* Begin PBXFileReference section */
		15381F1E2C0E5D7600A4D164 /* luv3.app */ = {isa = PBXFileReference; explicitFileType = wrapper.application; includeInIndex = 0; path = luv3.app; sourceTree = BUILT_PRODUCTS_DIR; };
		15381F212C0E5D7700A4D164 /* luv3App.swift */ = {isa = PBXFileReference; lastKnownFileType = sourcecode.swift; path = luv3App.swift; sourceTree = "<group>"; };
		15381F232C0E5D7700A4D164 /* ContentView.swift */ = {isa = PBXFileReference; lastKnownFileType = sourcecode.swift; path = ContentView.swift; sourceTree = "<group>"; };
		15381F252C0E5D7C00A4D164 /* Assets.xcassets */ = {isa = PBXFileReference; lastKnownFileType = folder.assetcatalog; path = Assets.xcassets; sourceTree = "<group>"; };
		15381F282C0E5D7C00A4D164 /* Preview Assets.xcassets */ = {isa = PBXFileReference; lastKnownFileType = folder.assetcatalog; path = "Preview Assets.xcassets"; sourceTree = "<group>"; };
		15381F2E2C0E5D7D00A4D164 /* luv3Tests.xctest */ = {isa = PBXFileReference; explicitFileType = wrapper.cfbundle; includeInIndex = 0; path = luv3Tests.xctest; sourceTree = BUILT_PRODUCTS_DIR; };
		15381F322C0E5D7D00A4D164 /* luv3Tests.swift */ = {isa = PBXFileReference; lastKnownFileType = sourcecode.swift; path = luv3Tests.swift; sourceTree = "<group>"; };
		15381F382C0E5D7D00A4D164 /* luv3UITests.xctest */ = {isa = PBXFileReference; explicitFileType = wrapper.cfbundle; includeInIndex = 0; path = luv3UITests.xctest; sourceTree = BUILT_PRODUCTS_DIR; };
		15381F3C2C0E5D7D00A4D164 /* luv3UITests.swift */ = {isa = PBXFileReference; lastKnownFileType = sourcecode.swift; path = luv3UITests.swift; sourceTree = "<group>"; };
		15381F3E2C0E5D7D00A4D164 /* luv3UITestsLaunchTests.swift */ = {isa = PBXFileReference; lastKnownFileType = sourcecode.swift; path = luv3UITestsLaunchTests.swift; sourceTree = "<group>"; };
		15381F4B2C0E63CE00A4D164 /* BlogPostsView.swift */ = {isa = PBXFileReference; lastKnownFileType = sourcecode.swift; path = BlogPostsView.swift; sourceTree = "<group>"; };
		15814FC52C0EE71900E8ED93 /* SeparateView.swift */ = {isa = PBXFileReference; lastKnownFileType = sourcecode.swift; path = SeparateView.swift; sourceTree = "<group>"; };
		15814FC72C0EE82B00E8ED93 /* ExploreView.swift */ = {isa = PBXFileReference; lastKnownFileType = sourcecode.swift; path = ExploreView.swift; sourceTree = "<group>"; };
		15814FC92C0EE86200E8ED93 /* NotificationsView.swift */ = {isa = PBXFileReference; lastKnownFileType = sourcecode.swift; path = NotificationsView.swift; sourceTree = "<group>"; };
		15814FCB2C0EE8B400E8ED93 /* ProfileView.swift */ = {isa = PBXFileReference; lastKnownFileType = sourcecode.swift; path = ProfileView.swift; sourceTree = "<group>"; };
/* End PBXFileReference section */

/* Begin PBXFrameworksBuildPhase section */
		15381F1B2C0E5D7600A4D164 /* Frameworks */ = {
			isa = PBXFrameworksBuildPhase;
			buildActionMask = 2147483647;
			files = (
			);
			runOnlyForDeploymentPostprocessing = 0;
		};
		15381F2B2C0E5D7D00A4D164 /* Frameworks */ = {
			isa = PBXFrameworksBuildPhase;
			buildActionMask = 2147483647;
			files = (
			);
			runOnlyForDeploymentPostprocessing = 0;
		};
		15381F352C0E5D7D00A4D164 /* Frameworks */ = {
			isa = PBXFrameworksBuildPhase;
			buildActionMask = 2147483647;
			files = (
			);
			runOnlyForDeploymentPostprocessing = 0;
		};
/* End PBXFrameworksBuildPhase section */

/* Begin PBXGroup section */
		15381F152C0E5D7600A4D164 = {
			isa = PBXGroup;
			children = (
				15381F202C0E5D7600A4D164 /* luv3 */,
				15381F312C0E5D7D00A4D164 /* luv3Tests */,
				15381F3B2C0E5D7D00A4D164 /* luv3UITests */,
				15381F1F2C0E5D7600A4D164 /* Products */,
			);
			sourceTree = "<group>";
		};
		15381F1F2C0E5D7600A4D164 /* Products */ = {
			isa = PBXGroup;
			children = (
				15381F1E2C0E5D7600A4D164 /* luv3.app */,
				15381F2E2C0E5D7D00A4D164 /* luv3Tests.xctest */,
				15381F382C0E5D7D00A4D164 /* luv3UITests.xctest */,
			);
			name = Products;
			sourceTree = "<group>";
		};
		15381F202C0E5D7600A4D164 /* luv3 */ = {
			isa = PBXGroup;
			children = (
				15381F212C0E5D7700A4D164 /* luv3App.swift */,
				15381F232C0E5D7700A4D164 /* ContentView.swift */,
				15814FC52C0EE71900E8ED93 /* SeparateView.swift */,
				15381F4B2C0E63CE00A4D164 /* BlogPostsView.swift */,
				15814FC72C0EE82B00E8ED93 /* ExploreView.swift */,
				15814FC92C0EE86200E8ED93 /* NotificationsView.swift */,
				15814FCB2C0EE8B400E8ED93 /* ProfileView.swift */,
				15381F252C0E5D7C00A4D164 /* Assets.xcassets */,
				15381F272C0E5D7C00A4D164 /* Preview Content */,
			);
			path = luv3;
			sourceTree = "<group>";
		};
		15381F272C0E5D7C00A4D164 /* Preview Content */ = {
			isa = PBXGroup;
			children = (
				15381F282C0E5D7C00A4D164 /* Preview Assets.xcassets */,
			);
			path = "Preview Content";
			sourceTree = "<group>";
		};
		15381F312C0E5D7D00A4D164 /* luv3Tests */ = {
			isa = PBXGroup;
			children = (
				15381F322C0E5D7D00A4D164 /* luv3Tests.swift */,
			);
			path = luv3Tests;
			sourceTree = "<group>";
		};
		15381F3B2C0E5D7D00A4D164 /* luv3UITests */ = {
			isa = PBXGroup;
			children = (
				15381F3C2C0E5D7D00A4D164 /* luv3UITests.swift */,
				15381F3E2C0E5D7D00A4D164 /* luv3UITestsLaunchTests.swift */,
			);
			path = luv3UITests;
			sourceTree = "<group>";
		};
/* End PBXGroup section */

/* Begin PBXNativeTarget section */
		15381F1D2C0E5D7600A4D164 /* luv3 */ = {
			isa = PBXNativeTarget;
			buildConfigurationList = 15381F422C0E5D7D00A4D164 /* Build configuration list for PBXNativeTarget "luv3" */;
			buildPhases = (
				15381F1A2C0E5D7600A4D164 /* Sources */,
				15381F1B2C0E5D7600A4D164 /* Frameworks */,
				15381F1C2C0E5D7600A4D164 /* Resources */,
			);
			buildRules = (
			);
			dependencies = (
			);
			name = luv3;
			productName = luv3;
			productReference = 15381F1E2C0E5D7600A4D164 /* luv3.app */;
			productType = "com.apple.product-type.application";
		};
		15381F2D2C0E5D7D00A4D164 /* luv3Tests */ = {
			isa = PBXNativeTarget;
			buildConfigurationList = 15381F452C0E5D7D00A4D164 /* Build configuration list for PBXNativeTarget "luv3Tests" */;
			buildPhases = (
				15381F2A2C0E5D7D00A4D164 /* Sources */,
				15381F2B2C0E5D7D00A4D164 /* Frameworks */,
				15381F2C2C0E5D7D00A4D164 /* Resources */,
			);
			buildRules = (
			);
			dependencies = (
				15381F302C0E5D7D00A4D164 /* PBXTargetDependency */,
			);
			name = luv3Tests;
			productName = luv3Tests;
			productReference = 15381F2E2C0E5D7D00A4D164 /* luv3Tests.xctest */;
			productType = "com.apple.product-type.bundle.unit-test";
		};
		15381F372C0E5D7D00A4D164 /* luv3UITests */ = {
			isa = PBXNativeTarget;
			buildConfigurationList = 15381F482C0E5D7D00A4D164 /* Build configuration list for PBXNativeTarget "luv3UITests" */;
			buildPhases = (
				15381F342C0E5D7D00A4D164 /* Sources */,
				15381F352C0E5D7D00A4D164 /* Frameworks */,
				15381F362C0E5D7D00A4D164 /* Resources */,
			);
			buildRules = (
			);
			dependencies = (
				15381F3A2C0E5D7D00A4D164 /* PBXTargetDependency */,
			);
			name = luv3UITests;
			productName = luv3UITests;
			productReference = 15381F382C0E5D7D00A4D164 /* luv3UITests.xctest */;
			productType = "com.apple.product-type.bundle.ui-testing";
		};
/* End PBXNativeTarget section */

/* Begin PBXProject section */
		15381F162C0E5D7600A4D164 /* Project object */ = {
			isa = PBXProject;
			attributes = {
				BuildIndependentTargetsInParallel = 1;
				LastSwiftUpdateCheck = 1540;
				LastUpgradeCheck = 1540;
				TargetAttributes = {
					15381F1D2C0E5D7600A4D164 = {
						CreatedOnToolsVersion = 15.4;
					};
					15381F2D2C0E5D7D00A4D164 = {
						CreatedOnToolsVersion = 15.4;
						TestTargetID = 15381F1D2C0E5D7600A4D164;
					};
					15381F372C0E5D7D00A4D164 = {
						CreatedOnToolsVersion = 15.4;
						TestTargetID = 15381F1D2C0E5D7600A4D164;
					};
				};
			};
			buildConfigurationList = 15381F192C0E5D7600A4D164 /* Build configuration list for PBXProject "luv3" */;
			compatibilityVersion = "Xcode 14.0";
			developmentRegion = en;
			hasScannedForEncodings = 0;
			knownRegions = (
				en,
				Base,
			);
			mainGroup = 15381F152C0E5D7600A4D164;
			productRefGroup = 15381F1F2C0E5D7600A4D164 /* Products */;
			projectDirPath = "";
			projectRoot = "";
			targets = (
				15381F1D2C0E5D7600A4D164 /* luv3 */,
				15381F2D2C0E5D7D00A4D164 /* luv3Tests */,
				15381F372C0E5D7D00A4D164 /* luv3UITests */,
			);
		};
/* End PBXProject section */

/* Begin PBXResourcesBuildPhase section */
		15381F1C2C0E5D7600A4D164 /* Resources */ = {
			isa = PBXResourcesBuildPhase;
			buildActionMask = 2147483647;
			files = (
				15381F292C0E5D7C00A4D164 /* Preview Assets.xcassets in Resources */,
				15381F262C0E5D7C00A4D164 /* Assets.xcassets in Resources */,
			);
			runOnlyForDeploymentPostprocessing = 0;
		};
		15381F2C2C0E5D7D00A4D164 /* Resources */ = {
			isa = PBXResourcesBuildPhase;
			buildActionMask = 2147483647;
			files = (
			);
			runOnlyForDeploymentPostprocessing = 0;
		};
		15381F362C0E5D7D00A4D164 /* Resources */ = {
			isa = PBXResourcesBuildPhase;
			buildActionMask = 2147483647;
			files = (
			);
			runOnlyForDeploymentPostprocessing = 0;
		};
/* End PBXResourcesBuildPhase section */

/* Begin PBXSourcesBuildPhase section */
		15381F1A2C0E5D7600A4D164 /* Sources */ = {
			isa = PBXSourcesBuildPhase;
			buildActionMask = 2147483647;
			files = (
				15381F4C2C0E63CE00A4D164 /* BlogPostsView.swift in Sources */,
				15814FC62C0EE71900E8ED93 /* SeparateView.swift in Sources */,
				15381F242C0E5D7700A4D164 /* ContentView.swift in Sources */,
				15381F222C0E5D7700A4D164 /* luv3App.swift in Sources */,
				15814FC82C0EE82B00E8ED93 /* ExploreView.swift in Sources */,
				15814FCC2C0EE8B400E8ED93 /* ProfileView.swift in Sources */,
				15814FCA2C0EE86200E8ED93 /* NotificationsView.swift in Sources */,
			);
			runOnlyForDeploymentPostprocessing = 0;
		};
		15381F2A2C0E5D7D00A4D164 /* Sources */ = {
			isa = PBXSourcesBuildPhase;
			buildActionMask = 2147483647;
			files = (
				15381F332C0E5D7D00A4D164 /* luv3Tests.swift in Sources */,
			);
			runOnlyForDeploymentPostprocessing = 0;
		};
		15381F342C0E5D7D00A4D164 /* Sources */ = {
			isa = PBXSourcesBuildPhase;
			buildActionMask = 2147483647;
			files = (
				15381F3F2C0E5D7D00A4D164 /* luv3UITestsLaunchTests.swift in Sources */,
				15381F3D2C0E5D7D00A4D164 /* luv3UITests.swift in Sources */,
			);
			runOnlyForDeploymentPostprocessing = 0;
		};
/* End PBXSourcesBuildPhase section */

/* Begin PBXTargetDependency section */
		15381F302C0E5D7D00A4D164 /* PBXTargetDependency */ = {
			isa = PBXTargetDependency;
			target = 15381F1D2C0E5D7600A4D164 /* luv3 */;
			targetProxy = 15381F2F2C0E5D7D00A4D164 /* PBXContainerItemProxy */;
		};
		15381F3A2C0E5D7D00A4D164 /* PBXTargetDependency */ = {
			isa = PBXTargetDependency;
			target = 15381F1D2C0E5D7600A4D164 /* luv3 */;
			targetProxy = 15381F392C0E5D7D00A4D164 /* PBXContainerItemProxy */;
		};
/* End PBXTargetDependency section */

/* Begin XCBuildConfiguration section */
		15381F402C0E5D7D00A4D164 /* Debug */ = {
			isa = XCBuildConfiguration;
			buildSettings = {
				ALWAYS_SEARCH_USER_PATHS = NO;
				ASSETCATALOG_COMPILER_GENERATE_SWIFT_ASSET_SYMBOL_EXTENSIONS = YES;
				CLANG_ANALYZER_NONNULL = YES;
				CLANG_ANALYZER_NUMBER_OBJECT_CONVERSION = YES_AGGRESSIVE;
				CLANG_CXX_LANGUAGE_STANDARD = "gnu++20";
				CLANG_ENABLE_MODULES = YES;
				CLANG_ENABLE_OBJC_ARC = YES;
				CLANG_ENABLE_OBJC_WEAK = YES;
				CLANG_WARN_BLOCK_CAPTURE_AUTORELEASING = YES;
				CLANG_WARN_BOOL_CONVERSION = YES;
				CLANG_WARN_COMMA = YES;
				CLANG_WARN_CONSTANT_CONVERSION = YES;
				CLANG_WARN_DEPRECATED_OBJC_IMPLEMENTATIONS = YES;
				CLANG_WARN_DIRECT_OBJC_ISA_USAGE = YES_ERROR;
				CLANG_WARN_DOCUMENTATION_COMMENTS = YES;
				CLANG_WARN_EMPTY_BODY = YES;
				CLANG_WARN_ENUM_CONVERSION = YES;
				CLANG_WARN_INFINITE_RECURSION = YES;
				CLANG_WARN_INT_CONVERSION = YES;
				CLANG_WARN_NON_LITERAL_NULL_CONVERSION = YES;
				CLANG_WARN_OBJC_IMPLICIT_RETAIN_SELF = YES;
				CLANG_WARN_OBJC_LITERAL_CONVERSION = YES;
				CLANG_WARN_OBJC_ROOT_CLASS = YES_ERROR;
				CLANG_WARN_QUOTED_INCLUDE_IN_FRAMEWORK_HEADER = YES;
				CLANG_WARN_RANGE_LOOP_ANALYSIS = YES;
				CLANG_WARN_STRICT_PROTOTYPES = YES;
				CLANG_WARN_SUSPICIOUS_MOVE = YES;
				CLANG_WARN_UNGUARDED_AVAILABILITY = YES_AGGRESSIVE;
				CLANG_WARN_UNREACHABLE_CODE = YES;
				CLANG_WARN__DUPLICATE_METHOD_MATCH = YES;
				COPY_PHASE_STRIP = NO;
				DEBUG_INFORMATION_FORMAT = dwarf;
				ENABLE_STRICT_OBJC_MSGSEND = YES;
				ENABLE_TESTABILITY = YES;
				ENABLE_USER_SCRIPT_SANDBOXING = YES;
				GCC_C_LANGUAGE_STANDARD = gnu17;
				GCC_DYNAMIC_NO_PIC = NO;
				GCC_NO_COMMON_BLOCKS = YES;
				GCC_OPTIMIZATION_LEVEL = 0;
				GCC_PREPROCESSOR_DEFINITIONS = (
					"DEBUG=1",
					"$(inherited)",
				);
				GCC_WARN_64_TO_32_BIT_CONVERSION = YES;
				GCC_WARN_ABOUT_RETURN_TYPE = YES_ERROR;
				GCC_WARN_UNDECLARED_SELECTOR = YES;
				GCC_WARN_UNINITIALIZED_AUTOS = YES_AGGRESSIVE;
				GCC_WARN_UNUSED_FUNCTION = YES;
				GCC_WARN_UNUSED_VARIABLE = YES;
				IPHONEOS_DEPLOYMENT_TARGET = 17.5;
				LOCALIZATION_PREFERS_STRING_CATALOGS = YES;
				MTL_ENABLE_DEBUG_INFO = INCLUDE_SOURCE;
				MTL_FAST_MATH = YES;
				ONLY_ACTIVE_ARCH = YES;
				SDKROOT = iphoneos;
				SWIFT_ACTIVE_COMPILATION_CONDITIONS = "DEBUG $(inherited)";
				SWIFT_OPTIMIZATION_LEVEL = "-Onone";
			};
			name = Debug;
		};
		15381F412C0E5D7D00A4D164 /* Release */ = {
			isa = XCBuildConfiguration;
			buildSettings = {
				ALWAYS_SEARCH_USER_PATHS = NO;
				ASSETCATALOG_COMPILER_GENERATE_SWIFT_ASSET_SYMBOL_EXTENSIONS = YES;
				CLANG_ANALYZER_NONNULL = YES;
				CLANG_ANALYZER_NUMBER_OBJECT_CONVERSION = YES_AGGRESSIVE;
				CLANG_CXX_LANGUAGE_STANDARD = "gnu++20";
				CLANG_ENABLE_MODULES = YES;
				CLANG_ENABLE_OBJC_ARC = YES;
				CLANG_ENABLE_OBJC_WEAK = YES;
				CLANG_WARN_BLOCK_CAPTURE_AUTORELEASING = YES;
				CLANG_WARN_BOOL_CONVERSION = YES;
				CLANG_WARN_COMMA = YES;
				CLANG_WARN_CONSTANT_CONVERSION = YES;
				CLANG_WARN_DEPRECATED_OBJC_IMPLEMENTATIONS = YES;
				CLANG_WARN_DIRECT_OBJC_ISA_USAGE = YES_ERROR;
				CLANG_WARN_DOCUMENTATION_COMMENTS = YES;
				CLANG_WARN_EMPTY_BODY = YES;
				CLANG_WARN_ENUM_CONVERSION = YES;
				CLANG_WARN_INFINITE_RECURSION = YES;
				CLANG_WARN_INT_CONVERSION = YES;
				CLANG_WARN_NON_LITERAL_NULL_CONVERSION = YES;
				CLANG_WARN_OBJC_IMPLICIT_RETAIN_SELF = YES;
				CLANG_WARN_OBJC_LITERAL_CONVERSION = YES;
				CLANG_WARN_OBJC_ROOT_CLASS = YES_ERROR;
				CLANG_WARN_QUOTED_INCLUDE_IN_FRAMEWORK_HEADER = YES;
				CLANG_WARN_RANGE_LOOP_ANALYSIS = YES;
				CLANG_WARN_STRICT_PROTOTYPES = YES;
				CLANG_WARN_SUSPICIOUS_MOVE = YES;
				CLANG_WARN_UNGUARDED_AVAILABILITY = YES_AGGRESSIVE;
				CLANG_WARN_UNREACHABLE_CODE = YES;
				CLANG_WARN__DUPLICATE_METHOD_MATCH = YES;
				COPY_PHASE_STRIP = NO;
				DEBUG_INFORMATION_FORMAT = "dwarf-with-dsym";
				ENABLE_NS_ASSERTIONS = NO;
				ENABLE_STRICT_OBJC_MSGSEND = YES;
				ENABLE_USER_SCRIPT_SANDBOXING = YES;
				GCC_C_LANGUAGE_STANDARD = gnu17;
				GCC_NO_COMMON_BLOCKS = YES;
				GCC_WARN_64_TO_32_BIT_CONVERSION = YES;
				GCC_WARN_ABOUT_RETURN_TYPE = YES_ERROR;
				GCC_WARN_UNDECLARED_SELECTOR = YES;
				GCC_WARN_UNINITIALIZED_AUTOS = YES_AGGRESSIVE;
				GCC_WARN_UNUSED_FUNCTION = YES;
				GCC_WARN_UNUSED_VARIABLE = YES;
				IPHONEOS_DEPLOYMENT_TARGET = 17.5;
				LOCALIZATION_PREFERS_STRING_CATALOGS = YES;
				MTL_ENABLE_DEBUG_INFO = NO;
				MTL_FAST_MATH = YES;
				SDKROOT = iphoneos;
				SWIFT_COMPILATION_MODE = wholemodule;
				VALIDATE_PRODUCT = YES;
			};
			name = Release;
		};
		15381F432C0E5D7D00A4D164 /* Debug */ = {
			isa = XCBuildConfiguration;
			buildSettings = {
				ASSETCATALOG_COMPILER_APPICON_NAME = AppIcon;
				ASSETCATALOG_COMPILER_GLOBAL_ACCENT_COLOR_NAME = AccentColor;
				CODE_SIGN_STYLE = Automatic;
				CURRENT_PROJECT_VERSION = 1;
				DEVELOPMENT_ASSET_PATHS = "\"luv3/Preview Content\"";
				ENABLE_PREVIEWS = YES;
				GENERATE_INFOPLIST_FILE = YES;
				INFOPLIST_KEY_UIApplicationSceneManifest_Generation = YES;
				INFOPLIST_KEY_UIApplicationSupportsIndirectInputEvents = YES;
				INFOPLIST_KEY_UILaunchScreen_Generation = YES;
				INFOPLIST_KEY_UISupportedInterfaceOrientations_iPad = "UIInterfaceOrientationPortrait UIInterfaceOrientationPortraitUpsideDown UIInterfaceOrientationLandscapeLeft UIInterfaceOrientationLandscapeRight";
				INFOPLIST_KEY_UISupportedInterfaceOrientations_iPhone = "UIInterfaceOrientationPortrait UIInterfaceOrientationLandscapeLeft UIInterfaceOrientationLandscapeRight";
				LD_RUNPATH_SEARCH_PATHS = (
					"$(inherited)",
					"@executable_path/Frameworks",
				);
				MARKETING_VERSION = 1.0;
				PRODUCT_BUNDLE_IDENTIFIER = DuckCloud.luv3;
				PRODUCT_NAME = "$(TARGET_NAME)";
				SWIFT_EMIT_LOC_STRINGS = YES;
				SWIFT_VERSION = 5.0;
				TARGETED_DEVICE_FAMILY = "1,2";
			};
			name = Debug;
		};
		15381F442C0E5D7D00A4D164 /* Release */ = {
			isa = XCBuildConfiguration;
			buildSettings = {
				ASSETCATALOG_COMPILER_APPICON_NAME = AppIcon;
				ASSETCATALOG_COMPILER_GLOBAL_ACCENT_COLOR_NAME = AccentColor;
				CODE_SIGN_STYLE = Automatic;
				CURRENT_PROJECT_VERSION = 1;
				DEVELOPMENT_ASSET_PATHS = "\"luv3/Preview Content\"";
				ENABLE_PREVIEWS = YES;
				GENERATE_INFOPLIST_FILE = YES;
				INFOPLIST_KEY_UIApplicationSceneManifest_Generation = YES;
				INFOPLIST_KEY_UIApplicationSupportsIndirectInputEvents = YES;
				INFOPLIST_KEY_UILaunchScreen_Generation = YES;
				INFOPLIST_KEY_UISupportedInterfaceOrientations_iPad = "UIInterfaceOrientationPortrait UIInterfaceOrientationPortraitUpsideDown UIInterfaceOrientationLandscapeLeft UIInterfaceOrientationLandscapeRight";
				INFOPLIST_KEY_UISupportedInterfaceOrientations_iPhone = "UIInterfaceOrientationPortrait UIInterfaceOrientationLandscapeLeft UIInterfaceOrientationLandscapeRight";
				LD_RUNPATH_SEARCH_PATHS = (
					"$(inherited)",
					"@executable_path/Frameworks",
				);
				MARKETING_VERSION = 1.0;
				PRODUCT_BUNDLE_IDENTIFIER = DuckCloud.luv3;
				PRODUCT_NAME = "$(TARGET_NAME)";
				SWIFT_EMIT_LOC_STRINGS = YES;
				SWIFT_VERSION = 5.0;
				TARGETED_DEVICE_FAMILY = "1,2";
			};
			name = Release;
		};
		15381F462C0E5D7D00A4D164 /* Debug */ = {
			isa = XCBuildConfiguration;
			buildSettings = {
				ALWAYS_EMBED_SWIFT_STANDARD_LIBRARIES = YES;
				BUNDLE_LOADER = "$(TEST_HOST)";
				CODE_SIGN_STYLE = Automatic;
				CURRENT_PROJECT_VERSION = 1;
				GENERATE_INFOPLIST_FILE = YES;
				IPHONEOS_DEPLOYMENT_TARGET = 17.5;
				MARKETING_VERSION = 1.0;
				PRODUCT_BUNDLE_IDENTIFIER = DuckCloud.luv3Tests;
				PRODUCT_NAME = "$(TARGET_NAME)";
				SWIFT_EMIT_LOC_STRINGS = NO;
				SWIFT_VERSION = 5.0;
				TARGETED_DEVICE_FAMILY = "1,2";
				TEST_HOST = "$(BUILT_PRODUCTS_DIR)/luv3.app/$(BUNDLE_EXECUTABLE_FOLDER_PATH)/luv3";
			};
			name = Debug;
		};
		15381F472C0E5D7D00A4D164 /* Release */ = {
			isa = XCBuildConfiguration;
			buildSettings = {
				ALWAYS_EMBED_SWIFT_STANDARD_LIBRARIES = YES;
				BUNDLE_LOADER = "$(TEST_HOST)";
				CODE_SIGN_STYLE = Automatic;
				CURRENT_PROJECT_VERSION = 1;
				GENERATE_INFOPLIST_FILE = YES;
				IPHONEOS_DEPLOYMENT_TARGET = 17.5;
				MARKETING_VERSION = 1.0;
				PRODUCT_BUNDLE_IDENTIFIER = DuckCloud.luv3Tests;
				PRODUCT_NAME = "$(TARGET_NAME)";
				SWIFT_EMIT_LOC_STRINGS = NO;
				SWIFT_VERSION = 5.0;
				TARGETED_DEVICE_FAMILY = "1,2";
				TEST_HOST = "$(BUILT_PRODUCTS_DIR)/luv3.app/$(BUNDLE_EXECUTABLE_FOLDER_PATH)/luv3";
			};
			name = Release;
		};
		15381F492C0E5D7D00A4D164 /* Debug */ = {
			isa = XCBuildConfiguration;
			buildSettings = {
				ALWAYS_EMBED_SWIFT_STANDARD_LIBRARIES = YES;
				CODE_SIGN_STYLE = Automatic;
				CURRENT_PROJECT_VERSION = 1;
				GENERATE_INFOPLIST_FILE = YES;
				MARKETING_VERSION = 1.0;
				PRODUCT_BUNDLE_IDENTIFIER = DuckCloud.luv3UITests;
				PRODUCT_NAME = "$(TARGET_NAME)";
				SWIFT_EMIT_LOC_STRINGS = NO;
				SWIFT_VERSION = 5.0;
				TARGETED_DEVICE_FAMILY = "1,2";
				TEST_TARGET_NAME = luv3;
			};
			name = Debug;
		};
		15381F4A2C0E5D7D00A4D164 /* Release */ = {
			isa = XCBuildConfiguration;
			buildSettings = {
				ALWAYS_EMBED_SWIFT_STANDARD_LIBRARIES = YES;
				CODE_SIGN_STYLE = Automatic;
				CURRENT_PROJECT_VERSION = 1;
				GENERATE_INFOPLIST_FILE = YES;
				MARKETING_VERSION = 1.0;
				PRODUCT_BUNDLE_IDENTIFIER = DuckCloud.luv3UITests;
				PRODUCT_NAME = "$(TARGET_NAME)";
				SWIFT_EMIT_LOC_STRINGS = NO;
				SWIFT_VERSION = 5.0;
				TARGETED_DEVICE_FAMILY = "1,2";
				TEST_TARGET_NAME = luv3;
			};
			name = Release;
		};
/* End XCBuildConfiguration section */

/* Begin XCConfigurationList section */
		15381F192C0E5D7600A4D164 /* Build configuration list for PBXProject "luv3" */ = {
			isa = XCConfigurationList;
			buildConfigurations = (
				15381F402C0E5D7D00A4D164 /* Debug */,
				15381F412C0E5D7D00A4D164 /* Release */,
			);
			defaultConfigurationIsVisible = 0;
			defaultConfigurationName = Release;
		};
		15381F422C0E5D7D00A4D164 /* Build configuration list for PBXNativeTarget "luv3" */ = {
			isa = XCConfigurationList;
			buildConfigurations = (
				15381F432C0E5D7D00A4D164 /* Debug */,
				15381F442C0E5D7D00A4D164 /* Release */,
			);
			defaultConfigurationIsVisible = 0;
			defaultConfigurationName = Release;
		};
		15381F452C0E5D7D00A4D164 /* Build configuration list for PBXNativeTarget "luv3Tests" */ = {
			isa = XCConfigurationList;
			buildConfigurations = (
				15381F462C0E5D7D00A4D164 /* Debug */,
				15381F472C0E5D7D00A4D164 /* Release */,
			);
			defaultConfigurationIsVisible = 0;
			defaultConfigurationName = Release;
		};
		15381F482C0E5D7D00A4D164 /* Build configuration list for PBXNativeTarget "luv3UITests" */ = {
			isa = XCConfigurationList;
			buildConfigurations = (
				15381F492C0E5D7D00A4D164 /* Debug */,
				15381F4A2C0E5D7D00A4D164 /* Release */,
			);
			defaultConfigurationIsVisible = 0;
			defaultConfigurationName = Release;
		};
/* End XCConfigurationList section */
	};
	rootObject = 15381F162C0E5D7600A4D164 /* Project object */;
}
